
Microsoft Visual Studio Solution File, Format Version 12.00
# Visual Studio Version 16
VisualStudioVersion = 16.0.31515.178
MinimumVisualStudioVersion = 10.0.40219.1
Project("{8BC9CEB8-8B4A-11D0-8D11-00A0C91BC942}") = "deque_darr", "deque_darr\deque_darr.vcxproj", "{1A509C8B-B07D-464C-B454-0B1C6C661135}"
EndProject
Global
	GlobalSection(SolutionConfigurationPlatforms) = preSolution
		Debug|x64 = Debug|x64
		Debug|x86 = Debug|x86
		Release|x64 = Release|x64
		Release|x86 = Release|x86
	EndGlobalSection
	GlobalSection(ProjectConfigurationPlatforms) = postSolution
		{1A509C8B-B07D-464C-B454-0B1C6C661135}.Debug|x64.ActiveCfg = Debug|x64
		{1A509C8B-B07D-464C-B454-0B1C6C661135}.Debug|x64.Build.0 = Debug|x64
		{1A509C8B-B07D-464C-B454-0B1C6C661135}.Debug|x86.ActiveCfg = Debug|Win32
		{1A509C8B-B07D-464C-B454-0B1C6C661135}.Debug|x86.Build.0 = Debug|Win32
		{1A509C8B-B07D-464C-B454-0B1C6C661135}.Release|x64.ActiveCfg = Release|x64
		{1A509C8B-B07D-464C-B454-0B1C6C661135}.Release|x64.Build.0 = Release|x64
		{1A509C8B-B07D-464C-B454-0B1C6C661135}.Release|x86.ActiveCfg = Release|Win32
		{1A509C8B-B07D-464C-B454-0B1C6C661135}.Release|x86.Build.0 = Release|Win32
	EndGlobalSection
	GlobalSection(SolutionProperties) = preSolution
		HideSolutionNode = FALSE
	EndGlobalSection
	GlobalSection(ExtensibilityGlobals) = postSolution
		SolutionGuid = {529AE513-52C4-43BD-875D-B3D333BBC9F7}
	EndGlobalSection
EndGlobal
